
Microsoft Visual Studio Solution File, Format Version 12.00
# Visual Studio Version 17
VisualStudioVersion = 17.14.36221.1 d17.14
MinimumVisualStudioVersion = 10.0.40219.1
Project("{FAE04EC0-301F-11D3-BF4B-00C04F79EFBC}") = "pr2_Sattarova", "pr2_Sattarova\pr2_Sattarova.csproj", "{3F95EA2B-AD06-4E8F-90E0-B18583A150DF}"
EndProject
Global
	GlobalSection(SolutionConfigurationPlatforms) = preSolution
		Debug|Any CPU = Debug|Any CPU
		Release|Any CPU = Release|Any CPU
	EndGlobalSection
	GlobalSection(ProjectConfigurationPlatforms) = postSolution
		{3F95EA2B-AD06-4E8F-90E0-B18583A150DF}.Debug|Any CPU.ActiveCfg = Debug|Any CPU
		{3F95EA2B-AD06-4E8F-90E0-B18583A150DF}.Debug|Any CPU.Build.0 = Debug|Any CPU
		{3F95EA2B-AD06-4E8F-90E0-B18583A150DF}.Release|Any CPU.ActiveCfg = Release|Any CPU
		{3F95EA2B-AD06-4E8F-90E0-B18583A150DF}.Release|Any CPU.Build.0 = Release|Any CPU
	EndGlobalSection
	GlobalSection(SolutionProperties) = preSolution
		HideSolutionNode = FALSE
	EndGlobalSection
	GlobalSection(ExtensibilityGlobals) = postSolution
		SolutionGuid = {D85A8B96-5728-4F85-934E-A1A2D534815C}
	EndGlobalSection
EndGlobal
